hash: cec5ea0a4d96652e0c3ba76d6162de28c1407c493e7b3418385310fda07986be
updated: 2020-02-12T15:39:17.947894256+01:00
imports:
- name: github.com/containerd/containerd
  version: cbf3ee0e22635920adc221b7bf570cd82ab7bab9
  subpackages:
  - errdefs
- name: github.com/containerd/continuity
  version: 26c1120b8d4107d2471b93ad78ef7ce1fc84c4c4
  subpackages:
  - devices
  - driver
  - fs
  - pathdriver
  - syscallx
  - sysx
- name: github.com/cpuguy83/go-md2man
  version: 7762f7e404f8416dfa1d9bb6a8c192aa9acb4d19
  subpackages:
  - md2man
- name: github.com/docker/distribution
  version: 2461543d988979529609e8cb6fca9ca190dc48da
  subpackages:
  - digestset
  - reference
  - registry/api/errcode
- name: github.com/docker/docker
  version: ea84732a77251e0d7af278e2b7df1d6a59fca46b
  repo: https://github.com/moby/moby.git
  subpackages:
  - api
  - api/types
  - api/types/blkiodev
  - api/types/container
  - api/types/events
  - api/types/filters
  - api/types/image
  - api/types/mount
  - api/types/network
  - api/types/registry
  - api/types/strslice
  - api/types/swarm
  - api/types/swarm/runtime
  - api/types/time
  - api/types/versions
  - api/types/volume
  - client
  - daemon/graphdriver
  - dockerversion
  - errdefs
  - image
  - layer
  - oci
  - pkg/archive
  - pkg/chrootarchive
  - pkg/containerfs
  - pkg/fileutils
  - pkg/idtools
  - pkg/ioutils
  - pkg/locker
  - pkg/longpath
  - pkg/mount
  - pkg/parsers/kernel
  - pkg/plugingetter
  - pkg/plugins
  - pkg/plugins/transport
  - pkg/pools
  - pkg/reexec
  - pkg/stringid
  - pkg/symlink
  - pkg/system
  - pkg/useragent
  - plugin/v2
- name: github.com/docker/go-connections
  version: 7dc0a2d6ddce55257ea8851e23b4fb9ef44fd4a0
  subpackages:
  - nat
  - sockets
  - tlsconfig
- name: github.com/docker/go-units
  version: 519db1ee28dcc9fd2474ae59fca29a810482bfb1
- name: github.com/gogo/protobuf
  version: 5628607bb4c51c3157aacc3a50f0ab707582b805
  subpackages:
  - proto
- name: github.com/golang/protobuf
  version: d23c5127dc24889085f8ccea5c9d560a57a879d8
  subpackages:
  - proto
  - ptypes
  - ptypes/any
  - ptypes/duration
  - ptypes/timestamp
- name: github.com/google/uuid
  version: 0cd6bf5da1e1c83f8b45653022c74f71af0538a4
- name: github.com/hashicorp/go-version
  version: d40cf49b3a77bba84a7afdbd7f1dc295d114efb1
- name: github.com/inconshreveable/mousetrap
  version: 76626ae9c91c4f2a10f34cad8ce83ea42c93bb75
- name: github.com/jteeuwen/go-bindata
  version: bbd0c6e271208dce66d8fda4bc536453cd27fc4a
- name: github.com/konsorten/go-windows-terminal-sequences
  version: f55edac94c9bbba5d6182a4be46d86a2c9b5b50e
- name: github.com/mattn/go-shellwords
  version: 28e4fdf351f0744b1249317edb45e4c2aa7a5e43
- name: github.com/Microsoft/go-winio
  version: 3fe6c526287328ec859e2c1258458b685198f204
  subpackages:
  - pkg/guid
- name: github.com/Microsoft/hcsshim
  version: 8ed402d318d1ec85524aee62bb8faa33a7e846bb
  subpackages:
  - osversion
- name: github.com/opencontainers/go-digest
  version: dd78d7521eee4ff6016d9b6273dc328308ac5a1c
- name: github.com/opencontainers/image-spec
  version: 79b036d80240ae530a8de15e1d21c7ab9292c693
  subpackages:
  - specs-go
  - specs-go/v1
- name: github.com/opencontainers/runc
  version: e6555cc01a92b599bef90dbe8cb3b7bb74391da9
  subpackages:
  - libcontainer/configs
  - libcontainer/devices
  - libcontainer/system
  - libcontainer/user
- name: github.com/opencontainers/runtime-spec
  version: 39c287c415bf86fb5b7506528d471db5405f8ca8
  subpackages:
  - specs-go
- name: github.com/pkg/errors
  version: ba968bfe8b2f7e042a574c888954fccecfa385b4
- name: github.com/russross/blackfriday
  version: d3b5b032dc8e8927d31a5071b56e14c89f045135
- name: github.com/shurcooL/sanitized_anchor_name
  version: 7bfe4c7ecddb3666a94b053b422cdd8f5aaa3615
- name: github.com/sirupsen/logrus
  version: 839c75faf7f98a33d445d181f3018b5c3409a45e
- name: github.com/spf13/cobra
  version: 1c44ec8d3f1552cac48999f9306da23c4d8a288b
  subpackages:
  - client
- name: github.com/spf13/pflag
  version: 2e9d26c8c37aae03e3f9d4e90b7116f5accb7cab
- name: github.com/stretchr/testify
  version: 69483b4bd14f5845b5a1e55bca19e954e827f1d0
  subpackages:
  - assert
- name: github.com/vbatts/tar-split
  version: 620714a4c508c880ac1bdda9c8370a2b19af1a55
  subpackages:
  - archive/tar
  - tar/asm
  - tar/storage
- name: golang.org/x/sync
  version: cd5d95a43a6e21273425c7ae415d3df9ea832eeb
  subpackages:
  - errgroup
- name: golang.org/x/sys
  version: 12a6c2dcc1e4cb348b57847c73987099e261714b
  subpackages:
  - unix
  - windows
  - windows/registry
- name: google.golang.org/genproto
  version: 0849286c0f0ed83bc2c866f93e30ad8380b0602b
  subpackages:
  - googleapis/rpc/status
- name: google.golang.org/grpc
  version: f3111a575aec81ce483bbcd53808df3d952fe05a
  subpackages:
  - codes
  - connectivity
  - grpclog
  - internal
  - status
testImports:
- name: github.com/davecgh/go-spew
  version: 6d212800a42e8ab5c146b8ace3490ee17e5225f9
  subpackages:
  - spew
- name: github.com/pmezard/go-difflib
  version: d8ed2627bdf02c080bf22230dbb337003b7aba2d
  subpackages:
  - difflib
