hash: d543379e010a87a1880a4b8aa314e6bb52d178fab27078c2ee08da9b9cfa72f9
updated: 2019-10-30T12:02:58.406758333+01:00
imports:
- name: github.com/cpuguy83/go-md2man
  version: 691ee98543af2f262f35fbb54bdd42f00b9b9cc5
  subpackages:
  - md2man
- name: github.com/davecgh/go-spew
  version: 6d212800a42e8ab5c146b8ace3490ee17e5225f9
  subpackages:
  - spew
- name: github.com/docker/distribution
  version: a25b9ef0c9fe242ac04bb20d3a028442b7d266b6
  subpackages:
  - context
  - digest
  - reference
  - uuid
- name: github.com/docker/docker
  version: 473c5701cb66403b0535a5c01845cb0f27fbeb47
  subpackages:
  - api/types
  - api/types/blkiodev
  - api/types/container
  - api/types/events
  - api/types/filters
  - api/types/mount
  - api/types/network
  - api/types/reference
  - api/types/registry
  - api/types/strslice
  - api/types/swarm
  - api/types/time
  - api/types/versions
  - api/types/volume
  - client
  - daemon/graphdriver
  - image
  - image/v1
  - layer
  - oci
  - pkg/archive
  - pkg/chrootarchive
  - pkg/fileutils
  - pkg/idtools
  - pkg/ioutils
  - pkg/longpath
  - pkg/mount
  - pkg/plugingetter
  - pkg/plugins
  - pkg/plugins/transport
  - pkg/pools
  - pkg/promise
  - pkg/random
  - pkg/reexec
  - pkg/stringid
  - pkg/system
  - pkg/testutil/assert
  - pkg/tlsconfig
  - plugin/v2
  - reference
- name: github.com/docker/go-connections
  version: 97c2040d34dfae1d1b1275fa3a78dbdd2f41cf7e
  subpackages:
  - nat
  - sockets
  - tlsconfig
- name: github.com/docker/go-units
  version: 2fb04c6466a548a03cb009c5569ee1ab1e35398e
- name: github.com/glenn-brown/golang-pkg-pcre
  version: 48bb82a8b8ceea98f4e97825b43870f6ba1970d6
  subpackages:
  - src/pkg/pcre
- name: github.com/google/uuid
  version: 0cd6bf5da1e1c83f8b45653022c74f71af0538a4
- name: github.com/gorilla/context
  version: 14f550f51af52180c2eefed15e5fd18d63c0a64a
- name: github.com/gorilla/mux
  version: e444e69cbd2e2e3e0749a2f3c717cec491552bbf
- name: github.com/hashicorp/go-version
  version: d40cf49b3a77bba84a7afdbd7f1dc295d114efb1
- name: github.com/inconshreveable/mousetrap
  version: 76626ae9c91c4f2a10f34cad8ce83ea42c93bb75
- name: github.com/jteeuwen/go-bindata
  version: bbd0c6e271208dce66d8fda4bc536453cd27fc4a
- name: github.com/konsorten/go-windows-terminal-sequences
  version: 5c8c8bd35d3832f5d134ae1e1e375b69a4d25242
- name: github.com/Microsoft/go-winio
  version: 75bf6ca3d7cb77506c52495e61472c131a254d56
- name: github.com/opencontainers/runc
  version: e4fa8a457544ca646e02e60d124aebb0bb7f52ad
  subpackages:
  - libcontainer/configs
  - libcontainer/devices
  - libcontainer/system
  - libcontainer/user
- name: github.com/opencontainers/runtime-spec
  version: 1722abf79c2f8f2675f47367f827c6491472cf27
  subpackages:
  - specs-go
- name: github.com/pkg/errors
  version: ba968bfe8b2f7e042a574c888954fccecfa385b4
- name: github.com/russross/blackfriday
  version: a477dd1646916742841ed20379f941cfa6c5bb6f
- name: github.com/sirupsen/logrus
  version: 4ea4861398d99a2d05be29675c5b74caf7bea95e
- name: github.com/Sirupsen/logrus
  version: ba1b36c82c5e05c4f912a88eab0dcd91a171688f
- name: github.com/spf13/cobra
  version: 1c44ec8d3f1552cac48999f9306da23c4d8a288b
- name: github.com/spf13/pflag
  version: 24fa6976df40757dce6aea913e7b81ade90530e1
- name: github.com/stretchr/testify
  version: 69483b4bd14f5845b5a1e55bca19e954e827f1d0
  subpackages:
  - assert
- name: github.com/vbatts/tar-split
  version: 620714a4c508c880ac1bdda9c8370a2b19af1a55
  subpackages:
  - archive/tar
  - tar/asm
  - tar/storage
- name: golang.org/x/crypto
  version: c10c31b5e94b6f7a0283272dc2bb27163dcea24b
  subpackages:
  - bcrypt
  - blowfish
  - ocsp
  - ssh/terminal
- name: golang.org/x/net
  version: 4876518f9e71663000c348837735820161a42df7
  subpackages:
  - context
  - context/ctxhttp
  - proxy
- name: golang.org/x/sys
  version: 41f3e6584952bb034a481797859f6ab34b6803bd
  subpackages:
  - unix
  - windows
testImports:
- name: github.com/pmezard/go-difflib
  version: d8ed2627bdf02c080bf22230dbb337003b7aba2d
  subpackages:
  - difflib
